
Microsoft Visual Studio Solution File, Format Version 12.00
# Visual Studio Version 17
VisualStudioVersion = 17.8.34330.188
MinimumVisualStudioVersion = 10.0.40219.1
Project("{FAE04EC0-301F-11D3-BF4B-00C04F79EFBC}") = "FCLauncher", "FCLauncher\FCLauncher.csproj", "{91994430-E2DD-4071-BB61-480A21C37756}"
EndProject
Project("{FAE04EC0-301F-11D3-BF4B-00C04F79EFBC}") = "Lambdagon.FCLauncher.Core", "Lambdagon.FCLauncher.Core\Lambdagon.FCLauncher.Core.csproj", "{1840D4E1-5523-4EDE-A988-138E5117AC31}"
EndProject
Project("{FAE04EC0-301F-11D3-BF4B-00C04F79EFBC}") = "PracticeMedicine.SourceModInstaller", "PracticeMedicine.SourceModInstaller\PracticeMedicine.SourceModInstaller.csproj", "{810965ED-8EA4-4A3C-8366-9FD194E96ACD}"
EndProject
Project("{FAE04EC0-301F-11D3-BF4B-00C04F79EFBC}") = "FCLauncher.Beta", "FCLauncher.Beta\FCLauncher.Beta.csproj", "{74DA9CA1-1955-45CF-9C7A-7823FB090675}"
EndProject
Project("{54435603-DBB4-11D2-8724-00A0C9A8B90C}") = "FCLauncherSetup", "FCLauncherSetup\FCLauncherSetup.vdproj", "{85D2C116-8F90-477D-9043-A82F5846EE33}"
EndProject
Project("{2150E333-8FDC-42A3-9474-1A3956D46DE8}") = "Main", "Main", "{560FBB6A-E876-4651-97A4-EB81BA5A8AAE}"
EndProject
Project("{FAE04EC0-301F-11D3-BF4B-00C04F79EFBC}") = "PracticeMedicine.UpdateSvcHub.App", "PracticeMedicine.UpdateSvcHub.App\PracticeMedicine.UpdateSvcHub.App.csproj", "{47D31DA8-3D68-45DC-861D-8E1E8C65ECDC}"
EndProject
Project("{FAE04EC0-301F-11D3-BF4B-00C04F79EFBC}") = "PracticeMedicine.WebLoader.UI", "PracticeMedicine.WebLoader.UI\PracticeMedicine.WebLoader.UI.csproj", "{C34CF8EB-B166-462D-A31E-92E76713B0A3}"
EndProject
Project("{2150E333-8FDC-42A3-9474-1A3956D46DE8}") = "PracticeMedicine Libraries", "PracticeMedicine Libraries", "{D5E49472-7F39-40A3-8B1F-AF061D486A51}"
EndProject
Global
	GlobalSection(SolutionConfigurationPlatforms) = preSolution
		Debug|Any CPU = Debug|Any CPU
		Debug|x86 = Debug|x86
		Release|Any CPU = Release|Any CPU
		Release|x86 = Release|x86
	EndGlobalSection
	GlobalSection(ProjectConfigurationPlatforms) = postSolution
		{91994430-E2DD-4071-BB61-480A21C37756}.Debug|Any CPU.ActiveCfg = Debug|Any CPU
		{91994430-E2DD-4071-BB61-480A21C37756}.Debug|Any CPU.Build.0 = Debug|Any CPU
		{91994430-E2DD-4071-BB61-480A21C37756}.Debug|x86.ActiveCfg = Debug|x86
		{91994430-E2DD-4071-BB61-480A21C37756}.Debug|x86.Build.0 = Debug|x86
		{91994430-E2DD-4071-BB61-480A21C37756}.Release|Any CPU.ActiveCfg = Release|Any CPU
		{91994430-E2DD-4071-BB61-480A21C37756}.Release|Any CPU.Build.0 = Release|Any CPU
		{91994430-E2DD-4071-BB61-480A21C37756}.Release|x86.ActiveCfg = Release|x86
		{91994430-E2DD-4071-BB61-480A21C37756}.Release|x86.Build.0 = Release|x86
		{1840D4E1-5523-4EDE-A988-138E5117AC31}.Debug|Any CPU.ActiveCfg = Debug|Any CPU
		{1840D4E1-5523-4EDE-A988-138E5117AC31}.Debug|x86.ActiveCfg = Debug|x86
		{1840D4E1-5523-4EDE-A988-138E5117AC31}.Debug|x86.Build.0 = Debug|x86
		{1840D4E1-5523-4EDE-A988-138E5117AC31}.Release|Any CPU.ActiveCfg = Release|Any CPU
		{1840D4E1-5523-4EDE-A988-138E5117AC31}.Release|Any CPU.Build.0 = Release|Any CPU
		{1840D4E1-5523-4EDE-A988-138E5117AC31}.Release|x86.ActiveCfg = Release|x86
		{810965ED-8EA4-4A3C-8366-9FD194E96ACD}.Debug|Any CPU.ActiveCfg = Debug|Any CPU
		{810965ED-8EA4-4A3C-8366-9FD194E96ACD}.Debug|x86.ActiveCfg = Debug|x86
		{810965ED-8EA4-4A3C-8366-9FD194E96ACD}.Debug|x86.Build.0 = Debug|x86
		{810965ED-8EA4-4A3C-8366-9FD194E96ACD}.Release|Any CPU.ActiveCfg = Release|Any CPU
		{810965ED-8EA4-4A3C-8366-9FD194E96ACD}.Release|Any CPU.Build.0 = Release|Any CPU
		{810965ED-8EA4-4A3C-8366-9FD194E96ACD}.Release|x86.ActiveCfg = Release|x86
		{74DA9CA1-1955-45CF-9C7A-7823FB090675}.Debug|Any CPU.ActiveCfg = Debug|Any CPU
		{74DA9CA1-1955-45CF-9C7A-7823FB090675}.Debug|Any CPU.Build.0 = Debug|Any CPU
		{74DA9CA1-1955-45CF-9C7A-7823FB090675}.Debug|x86.ActiveCfg = Debug|x86
		{74DA9CA1-1955-45CF-9C7A-7823FB090675}.Debug|x86.Build.0 = Debug|x86
		{74DA9CA1-1955-45CF-9C7A-7823FB090675}.Release|Any CPU.ActiveCfg = Release|Any CPU
		{74DA9CA1-1955-45CF-9C7A-7823FB090675}.Release|Any CPU.Build.0 = Release|Any CPU
		{74DA9CA1-1955-45CF-9C7A-7823FB090675}.Release|x86.ActiveCfg = Release|x86
		{74DA9CA1-1955-45CF-9C7A-7823FB090675}.Release|x86.Build.0 = Release|x86
		{85D2C116-8F90-477D-9043-A82F5846EE33}.Debug|Any CPU.ActiveCfg = Debug
		{85D2C116-8F90-477D-9043-A82F5846EE33}.Debug|x86.ActiveCfg = Debug
		{85D2C116-8F90-477D-9043-A82F5846EE33}.Debug|x86.Build.0 = Debug
		{85D2C116-8F90-477D-9043-A82F5846EE33}.Release|Any CPU.ActiveCfg = Release
		{85D2C116-8F90-477D-9043-A82F5846EE33}.Release|x86.ActiveCfg = Release
		{85D2C116-8F90-477D-9043-A82F5846EE33}.Release|x86.Build.0 = Release
		{47D31DA8-3D68-45DC-861D-8E1E8C65ECDC}.Debug|Any CPU.ActiveCfg = Debug|Any CPU
		{47D31DA8-3D68-45DC-861D-8E1E8C65ECDC}.Debug|Any CPU.Build.0 = Debug|Any CPU
		{47D31DA8-3D68-45DC-861D-8E1E8C65ECDC}.Debug|x86.ActiveCfg = Debug|x86
		{47D31DA8-3D68-45DC-861D-8E1E8C65ECDC}.Debug|x86.Build.0 = Debug|x86
		{47D31DA8-3D68-45DC-861D-8E1E8C65ECDC}.Release|Any CPU.ActiveCfg = Release|Any CPU
		{47D31DA8-3D68-45DC-861D-8E1E8C65ECDC}.Release|Any CPU.Build.0 = Release|Any CPU
		{47D31DA8-3D68-45DC-861D-8E1E8C65ECDC}.Release|x86.ActiveCfg = Release|x86
		{47D31DA8-3D68-45DC-861D-8E1E8C65ECDC}.Release|x86.Build.0 = Release|x86
		{C34CF8EB-B166-462D-A31E-92E76713B0A3}.Debug|Any CPU.ActiveCfg = Debug|Any CPU
		{C34CF8EB-B166-462D-A31E-92E76713B0A3}.Debug|Any CPU.Build.0 = Debug|Any CPU
		{C34CF8EB-B166-462D-A31E-92E76713B0A3}.Debug|x86.ActiveCfg = Debug|x86
		{C34CF8EB-B166-462D-A31E-92E76713B0A3}.Debug|x86.Build.0 = Debug|x86
		{C34CF8EB-B166-462D-A31E-92E76713B0A3}.Release|Any CPU.ActiveCfg = Release|Any CPU
		{C34CF8EB-B166-462D-A31E-92E76713B0A3}.Release|Any CPU.Build.0 = Release|Any CPU
		{C34CF8EB-B166-462D-A31E-92E76713B0A3}.Release|x86.ActiveCfg = Release|x86
		{C34CF8EB-B166-462D-A31E-92E76713B0A3}.Release|x86.Build.0 = Release|x86
	EndGlobalSection
	GlobalSection(SolutionProperties) = preSolution
		HideSolutionNode = FALSE
	EndGlobalSection
	GlobalSection(NestedProjects) = preSolution
		{91994430-E2DD-4071-BB61-480A21C37756} = {560FBB6A-E876-4651-97A4-EB81BA5A8AAE}
		{1840D4E1-5523-4EDE-A988-138E5117AC31} = {560FBB6A-E876-4651-97A4-EB81BA5A8AAE}
		{810965ED-8EA4-4A3C-8366-9FD194E96ACD} = {D5E49472-7F39-40A3-8B1F-AF061D486A51}
		{74DA9CA1-1955-45CF-9C7A-7823FB090675} = {560FBB6A-E876-4651-97A4-EB81BA5A8AAE}
		{85D2C116-8F90-477D-9043-A82F5846EE33} = {560FBB6A-E876-4651-97A4-EB81BA5A8AAE}
		{47D31DA8-3D68-45DC-861D-8E1E8C65ECDC} = {D5E49472-7F39-40A3-8B1F-AF061D486A51}
		{C34CF8EB-B166-462D-A31E-92E76713B0A3} = {D5E49472-7F39-40A3-8B1F-AF061D486A51}
	EndGlobalSection
	GlobalSection(ExtensibilityGlobals) = postSolution
		SolutionGuid = {951F5AAF-6F7F-4BFC-B81F-3E92CDACABBF}
	EndGlobalSection
EndGlobal
